schema: '2.0'
stages:
  prepare_multimodal_dataset:
    cmd: python src/data/pipeline.py --config configs/data_pipeline.yaml
    deps:
    - path: data/raw/tickets.jsonl
      hash: md5
      md5: 2e78eae364e9e0943c7b5dc311152804
      size: 12021
    - path: src/data/pipeline.py
      hash: md5
      md5: 5c0f0a0ac8bfdc9532441310f0ed0493
      size: 1116
    - path: src/data/processor.py
      hash: md5
      md5: 9e24318dcc0ee71427f248fc1267b37a
      size: 6315
    - path: src/data/schema.py
      hash: md5
      md5: f9e6fe22c837677e555421160d997cc8
      size: 1966
    - path: src/data/validator.py
      hash: md5
      md5: b7859913d79386e80187fe150917476a
      size: 3598
    params:
      configs/data_pipeline.yaml:
        split:
          val_size: 0.2
          group_column: user_id
          random_seed: 42
        validation_rules:
          allowed_image_formats:
          - .jpg
          - .jpeg
          - .png
          - .webp
          min_image_resolution:
          - 64
          - 64
          max_image_resolution:
          - 4096
          - 4096
          min_text_length: 10
          max_text_length: 2000
          mask_pii: true
    outs:
    - path: data/processed/train_manifest.parquet
      hash: md5
      md5: ff465399c4772be051584ab7338ea396
      size: 9495
    - path: data/processed/val_manifest.parquet
      hash: md5
      md5: 044052efcebb1e17b8b3729171e2ec76
      size: 8593
    - path: data/processed/validation_report.yaml
      hash: md5
      md5: 50ab815c4b2328da9481a6e61bbfde4f
      size: 908
  build_multimodal_features:
    cmd: python src/data/build_features.py
    deps:
    - path: data/processed/train_manifest.parquet
      hash: md5
      md5: ff465399c4772be051584ab7338ea396
      size: 9495
    - path: data/processed/val_manifest.parquet
      hash: md5
      md5: 044052efcebb1e17b8b3729171e2ec76
      size: 8593
    - path: src/data/build_features.py
      hash: md5
      md5: b4f06c0133905d803e68e9d638ce06a8
      size: 3740
    - path: src/data/feature_extractor.py
      hash: md5
      md5: e21deed17cf3b8bbe4bb2a0a6958ea34
      size: 4876
    outs:
    - path: data/processed/features/feature_metadata.json
      hash: md5
      md5: e783674ba97b3c15936e19f6cab6161e
      size: 258
    - path: data/processed/features/train_features.npz
      hash: md5
      md5: 621f6572563eb5cae1ee2a1272338dae
      size: 334156
    - path: data/processed/features/val_features.npz
      hash: md5
      md5: d286606ec824e4f35ea113d41025c656
      size: 80710
  train_and_benchmark:
    cmd: python src/models/train_and_benchmark.py
    deps:
    - path: data/processed/features/train_features.npz
      hash: md5
      md5: 621f6572563eb5cae1ee2a1272338dae
      size: 334156
    - path: data/processed/features/val_features.npz
      hash: md5
      md5: d286606ec824e4f35ea113d41025c656
      size: 80710
    - path: src/models/network.py
      hash: md5
      md5: 7ff3143fc27007d7f75686959ffe109d
      size: 2026
    - path: src/models/train_and_benchmark.py
      hash: md5
      md5: 7aab56e11df98e56d6ac9bf63069af21
      size: 7999
    outs:
    - path: models/checkpoints/best_fusion_model.pt
      hash: md5
      md5: b71bc180aa115c6e0e88c5c76c10bbc0
      size: 49110
    - path: models/model_selection_evidence.json
      hash: md5
      md5: b852e2d3551205f5cac3bca9ef468b5a
      size: 1508
  optimize_and_export:
    cmd: python src/models/export_optimized.py
    deps:
    - path: models/checkpoints/best_fusion_model.pt
      hash: md5
      md5: b71bc180aa115c6e0e88c5c76c10bbc0
      size: 49110
    - path: src/models/export_optimized.py
      hash: md5
      md5: 6e13d93fad775c94b76f5677e066a0d5
      size: 5749
    - path: src/models/network.py
      hash: md5
      md5: 7ff3143fc27007d7f75686959ffe109d
      size: 2026
    outs:
    - path: models/optimized/multimodal_fusion.onnx
      hash: md5
      md5: 525d23dc248d04913257fbd5675bd1e5
      size: 44868
    - path: models/optimized/optimization_benchmark.json
      hash: md5
      md5: 093a46e229c0686ada15b379b9751760
      size: 637
  evaluate_production_model:
    cmd: python src/evaluation/run_evaluation.py
    deps:
    - path: data/processed/features/val_features.npz
      hash: md5
      md5: d286606ec824e4f35ea113d41025c656
      size: 80710
    - path: data/processed/val_manifest.parquet
      hash: md5
      md5: 044052efcebb1e17b8b3729171e2ec76
      size: 8593
    - path: models/optimized/multimodal_fusion.onnx
      hash: md5
      md5: 525d23dc248d04913257fbd5675bd1e5
      size: 44868
    - path: src/evaluation/evaluator.py
      hash: md5
      md5: a2409c29926bedabccf20410dd478f28
      size: 4373
    - path: src/evaluation/run_evaluation.py
      hash: md5
      md5: b5bcdb89dc5f4957cd11ea9c746851f2
      size: 3299
    outs:
    - path: models/evaluation_report.json
      hash: md5
      md5: b12b510562c0dc3b82080e8a68299467
      size: 1190
